
Microsoft Visual Studio Solution File, Format Version 12.00
# Visual Studio Version 17
VisualStudioVersion = 17.14.36414.22 d17.14
MinimumVisualStudioVersion = 10.0.40219.1
Project("{FAE04EC0-301F-11D3-BF4B-00C04F79EFBC}") = "106 helper app", "106 helper app.csproj", "{2DEACA69-A3B6-4109-8605-E6C2D87AF801}"
EndProject
Global
	GlobalSection(SolutionConfigurationPlatforms) = preSolution
		Debug|Any CPU = Debug|Any CPU
		Release|Any CPU = Release|Any CPU
	EndGlobalSection
	GlobalSection(ProjectConfigurationPlatforms) = postSolution
		{2DEACA69-A3B6-4109-8605-E6C2D87AF801}.Debug|Any CPU.ActiveCfg = Debug|Any CPU
		{2DEACA69-A3B6-4109-8605-E6C2D87AF801}.Debug|Any CPU.Build.0 = Debug|Any CPU
		{2DEACA69-A3B6-4109-8605-E6C2D87AF801}.Release|Any CPU.ActiveCfg = Release|Any CPU
		{2DEACA69-A3B6-4109-8605-E6C2D87AF801}.Release|Any CPU.Build.0 = Release|Any CPU
	EndGlobalSection
	GlobalSection(SolutionProperties) = preSolution
		HideSolutionNode = FALSE
	EndGlobalSection
	GlobalSection(ExtensibilityGlobals) = postSolution
		SolutionGuid = {FCBDDF82-A394-4EC4-8A4E-0C143246BB00}
	EndGlobalSection
EndGlobal
